
Microsoft Visual Studio Solution File, Format Version 12.00
# Visual Studio 15
VisualStudioVersion = 15.0.28010.2050
MinimumVisualStudioVersion = 10.0.40219.1
Project("{FAE04EC0-301F-11D3-BF4B-00C04F79EFBC}") = "VizeçaloışmaConsole", "VizeçaloışmaConsole\VizeçaloışmaConsole.csproj", "{402FEF40-6B2F-45B6-AC61-734D6B9CD02A}"
EndProject
Global
	GlobalSection(SolutionConfigurationPlatforms) = preSolution
		Debug|Any CPU = Debug|Any CPU
		Release|Any CPU = Release|Any CPU
	EndGlobalSection
	GlobalSection(ProjectConfigurationPlatforms) = postSolution
		{402FEF40-6B2F-45B6-AC61-734D6B9CD02A}.Debug|Any CPU.ActiveCfg = Debug|Any CPU
		{402FEF40-6B2F-45B6-AC61-734D6B9CD02A}.Debug|Any CPU.Build.0 = Debug|Any CPU
		{402FEF40-6B2F-45B6-AC61-734D6B9CD02A}.Release|Any CPU.ActiveCfg = Release|Any CPU
		{402FEF40-6B2F-45B6-AC61-734D6B9CD02A}.Release|Any CPU.Build.0 = Release|Any CPU
	EndGlobalSection
	GlobalSection(SolutionProperties) = preSolution
		HideSolutionNode = FALSE
	EndGlobalSection
	GlobalSection(ExtensibilityGlobals) = postSolution
		SolutionGuid = {8A6CCD5D-55B4-4B5B-AE46-AEFA37EBF98F}
	EndGlobalSection
EndGlobal
