
Microsoft Visual Studio Solution File, Format Version 12.00
# Visual Studio Version 16
VisualStudioVersion = 16.0.29102.190
MinimumVisualStudioVersion = 10.0.40219.1
Project("{FAE04EC0-301F-11D3-BF4B-00C04F79EFBC}") = "MVC_Intermediate", "MVC_Intermediate\MVC_Intermediate.csproj", "{90D1CC50-8B7F-497C-B8AE-9F0DD9AF8A24}"
EndProject
Project("{FAE04EC0-301F-11D3-BF4B-00C04F79EFBC}") = "EntityFrameworkSamples", "EntityFrameworkSamples\EntityFrameworkSamples.csproj", "{8D4B1DD3-4DCF-4FDA-A72C-BDE4EA15B613}"
EndProject
Global
	GlobalSection(SolutionConfigurationPlatforms) = preSolution
		Debug|Any CPU = Debug|Any CPU
		Release|Any CPU = Release|Any CPU
	EndGlobalSection
	GlobalSection(ProjectConfigurationPlatforms) = postSolution
		{90D1CC50-8B7F-497C-B8AE-9F0DD9AF8A24}.Debug|Any CPU.ActiveCfg = Debug|Any CPU
		{90D1CC50-8B7F-497C-B8AE-9F0DD9AF8A24}.Debug|Any CPU.Build.0 = Debug|Any CPU
		{90D1CC50-8B7F-497C-B8AE-9F0DD9AF8A24}.Release|Any CPU.ActiveCfg = Release|Any CPU
		{90D1CC50-8B7F-497C-B8AE-9F0DD9AF8A24}.Release|Any CPU.Build.0 = Release|Any CPU
		{8D4B1DD3-4DCF-4FDA-A72C-BDE4EA15B613}.Debug|Any CPU.ActiveCfg = Debug|Any CPU
		{8D4B1DD3-4DCF-4FDA-A72C-BDE4EA15B613}.Debug|Any CPU.Build.0 = Debug|Any CPU
		{8D4B1DD3-4DCF-4FDA-A72C-BDE4EA15B613}.Release|Any CPU.ActiveCfg = Release|Any CPU
		{8D4B1DD3-4DCF-4FDA-A72C-BDE4EA15B613}.Release|Any CPU.Build.0 = Release|Any CPU
	EndGlobalSection
	GlobalSection(SolutionProperties) = preSolution
		HideSolutionNode = FALSE
	EndGlobalSection
	GlobalSection(ExtensibilityGlobals) = postSolution
		SolutionGuid = {C12E8BED-07FC-4485-BBC8-2467E96B72D9}
	EndGlobalSection
EndGlobal
