
Microsoft Visual Studio Solution File, Format Version 12.00
# Visual Studio Version 16
VisualStudioVersion = 16.0.29306.81
MinimumVisualStudioVersion = 10.0.40219.1
Project("{FAE04EC0-301F-11D3-BF4B-00C04F79EFBC}") = "BirthdayApp", "BirthdayApp\BirthdayApp.csproj", "{39964E84-4476-4D12-BFC8-08013FB377D6}"
EndProject
Project("{FAE04EC0-301F-11D3-BF4B-00C04F79EFBC}") = "jQueryApp", "jQueryApp\jQueryApp.csproj", "{C2B018EE-CBED-4DE6-91E3-66BBB56BBF4F}"
EndProject
Global
	GlobalSection(SolutionConfigurationPlatforms) = preSolution
		Debug|Any CPU = Debug|Any CPU
		Release|Any CPU = Release|Any CPU
	EndGlobalSection
	GlobalSection(ProjectConfigurationPlatforms) = postSolution
		{39964E84-4476-4D12-BFC8-08013FB377D6}.Debug|Any CPU.ActiveCfg = Debug|Any CPU
		{39964E84-4476-4D12-BFC8-08013FB377D6}.Debug|Any CPU.Build.0 = Debug|Any CPU
		{39964E84-4476-4D12-BFC8-08013FB377D6}.Release|Any CPU.ActiveCfg = Release|Any CPU
		{39964E84-4476-4D12-BFC8-08013FB377D6}.Release|Any CPU.Build.0 = Release|Any CPU
		{C2B018EE-CBED-4DE6-91E3-66BBB56BBF4F}.Debug|Any CPU.ActiveCfg = Debug|Any CPU
		{C2B018EE-CBED-4DE6-91E3-66BBB56BBF4F}.Debug|Any CPU.Build.0 = Debug|Any CPU
		{C2B018EE-CBED-4DE6-91E3-66BBB56BBF4F}.Release|Any CPU.ActiveCfg = Release|Any CPU
		{C2B018EE-CBED-4DE6-91E3-66BBB56BBF4F}.Release|Any CPU.Build.0 = Release|Any CPU
	EndGlobalSection
	GlobalSection(SolutionProperties) = preSolution
		HideSolutionNode = FALSE
	EndGlobalSection
	GlobalSection(ExtensibilityGlobals) = postSolution
		SolutionGuid = {9FE4D5A5-4E21-4D65-9A9E-1F766CA35AD0}
	EndGlobalSection
EndGlobal
