
Microsoft Visual Studio Solution File, Format Version 12.00
# Visual Studio Version 16
VisualStudioVersion = 16.0.29102.190
MinimumVisualStudioVersion = 10.0.40219.1
Project("{FAE04EC0-301F-11D3-BF4B-00C04F79EFBC}") = "280719_Con_Giris", "280719_Con_Giris\280719_Con_Giris.csproj", "{E27DB025-C65A-4405-A35A-5651497B3E41}"
EndProject
Global
	GlobalSection(SolutionConfigurationPlatforms) = preSolution
		Debug|Any CPU = Debug|Any CPU
		Release|Any CPU = Release|Any CPU
	EndGlobalSection
	GlobalSection(ProjectConfigurationPlatforms) = postSolution
		{E27DB025-C65A-4405-A35A-5651497B3E41}.Debug|Any CPU.ActiveCfg = Debug|Any CPU
		{E27DB025-C65A-4405-A35A-5651497B3E41}.Debug|Any CPU.Build.0 = Debug|Any CPU
		{E27DB025-C65A-4405-A35A-5651497B3E41}.Release|Any CPU.ActiveCfg = Release|Any CPU
		{E27DB025-C65A-4405-A35A-5651497B3E41}.Release|Any CPU.Build.0 = Release|Any CPU
	EndGlobalSection
	GlobalSection(SolutionProperties) = preSolution
		HideSolutionNode = FALSE
	EndGlobalSection
	GlobalSection(ExtensibilityGlobals) = postSolution
		SolutionGuid = {CABEC1E9-DB21-4E90-8C91-CA3AABC89B40}
	EndGlobalSection
EndGlobal
